
Microsoft Visual Studio Solution File, Format Version 12.00
# Visual Studio Version 16
VisualStudioVersion = 16.0.28407.52
MinimumVisualStudioVersion = 10.0.40219.1
Project("{9A19103F-16F7-4668-BE54-9A1E7A4F7556}") = "Rickvdbosch.Talks.Mswfy.Functions", "Rickvdbosch.Talks.Mswfy.Functions\Rickvdbosch.Talks.Mswfy.Functions.csproj", "{AB6DB28B-1552-4A5D-BA2C-77A0438E816F}"
EndProject
Project("{9A19103F-16F7-4668-BE54-9A1E7A4F7556}") = "Rickvdbosch.Talks.Mswfy.Common", "Rickvdbosch.Talks.Mswfy.Common\Rickvdbosch.Talks.Mswfy.Common.csproj", "{450C9ABE-0445-4D45-8482-51A4870D8265}"
EndProject
Global
	GlobalSection(SolutionConfigurationPlatforms) = preSolution
		Debug|Any CPU = Debug|Any CPU
		Release|Any CPU = Release|Any CPU
	EndGlobalSection
	GlobalSection(ProjectConfigurationPlatforms) = postSolution
		{AB6DB28B-1552-4A5D-BA2C-77A0438E816F}.Debug|Any CPU.ActiveCfg = Debug|Any CPU
		{AB6DB28B-1552-4A5D-BA2C-77A0438E816F}.Debug|Any CPU.Build.0 = Debug|Any CPU
		{AB6DB28B-1552-4A5D-BA2C-77A0438E816F}.Release|Any CPU.ActiveCfg = Release|Any CPU
		{AB6DB28B-1552-4A5D-BA2C-77A0438E816F}.Release|Any CPU.Build.0 = Release|Any CPU
		{450C9ABE-0445-4D45-8482-51A4870D8265}.Debug|Any CPU.ActiveCfg = Debug|Any CPU
		{450C9ABE-0445-4D45-8482-51A4870D8265}.Debug|Any CPU.Build.0 = Debug|Any CPU
		{450C9ABE-0445-4D45-8482-51A4870D8265}.Release|Any CPU.ActiveCfg = Release|Any CPU
		{450C9ABE-0445-4D45-8482-51A4870D8265}.Release|Any CPU.Build.0 = Release|Any CPU
	EndGlobalSection
	GlobalSection(SolutionProperties) = preSolution
		HideSolutionNode = FALSE
	EndGlobalSection
	GlobalSection(ExtensibilityGlobals) = postSolution
		SolutionGuid = {2FC291F7-A4F5-4F7A-9472-55F96D54F27C}
	EndGlobalSection
EndGlobal
